
Microsoft Visual Studio Solution File, Format Version 12.00
# Visual Studio Version 16
VisualStudioVersion = 16.0.32228.343
MinimumVisualStudioVersion = 10.0.40219.1
Project("{FAE04EC0-301F-11D3-BF4B-00C04F79EFBC}") = "CarApp", "CarApp.csproj", "{3770C40D-BDC2-413D-957F-C1782BD73EF6}"
EndProject
Global
	GlobalSection(SolutionConfigurationPlatforms) = preSolution
		Debug|Any CPU = Debug|Any CPU
		Release|Any CPU = Release|Any CPU
	EndGlobalSection
	GlobalSection(ProjectConfigurationPlatforms) = postSolution
		{3770C40D-BDC2-413D-957F-C1782BD73EF6}.Debug|Any CPU.ActiveCfg = Debug|Any CPU
		{3770C40D-BDC2-413D-957F-C1782BD73EF6}.Debug|Any CPU.Build.0 = Debug|Any CPU
		{3770C40D-BDC2-413D-957F-C1782BD73EF6}.Release|Any CPU.ActiveCfg = Release|Any CPU
		{3770C40D-BDC2-413D-957F-C1782BD73EF6}.Release|Any CPU.Build.0 = Release|Any CPU
	EndGlobalSection
	GlobalSection(SolutionProperties) = preSolution
		HideSolutionNode = FALSE
	EndGlobalSection
	GlobalSection(ExtensibilityGlobals) = postSolution
		SolutionGuid = {44C9E069-D47F-49AE-9922-B60ABAA647B9}
	EndGlobalSection
EndGlobal
